
Microsoft Visual Studio Solution File, Format Version 12.00
Project("{FAE04EC0-301F-11D3-BF4B-00C04F79EFBC}") = "Practice_6_5_1", "Practice_6_5_1\Practice_6_5_1.csproj", "{625C9E4C-A96F-4010-87DB-0C2B4B7F5D90}"
EndProject
Project("{FAE04EC0-301F-11D3-BF4B-00C04F79EFBC}") = "Practice_6_5_5", "Practice_6_5_5\Practice_6_5_5.csproj", "{F3A205A2-F9AB-4459-9D7F-9B2BEE717AE1}"
EndProject
Global
	GlobalSection(SolutionConfigurationPlatforms) = preSolution
		Debug|Any CPU = Debug|Any CPU
		Release|Any CPU = Release|Any CPU
	EndGlobalSection
	GlobalSection(ProjectConfigurationPlatforms) = postSolution
		{625C9E4C-A96F-4010-87DB-0C2B4B7F5D90}.Debug|Any CPU.ActiveCfg = Debug|Any CPU
		{625C9E4C-A96F-4010-87DB-0C2B4B7F5D90}.Debug|Any CPU.Build.0 = Debug|Any CPU
		{625C9E4C-A96F-4010-87DB-0C2B4B7F5D90}.Release|Any CPU.ActiveCfg = Release|Any CPU
		{625C9E4C-A96F-4010-87DB-0C2B4B7F5D90}.Release|Any CPU.Build.0 = Release|Any CPU
		{F3A205A2-F9AB-4459-9D7F-9B2BEE717AE1}.Debug|Any CPU.ActiveCfg = Debug|Any CPU
		{F3A205A2-F9AB-4459-9D7F-9B2BEE717AE1}.Debug|Any CPU.Build.0 = Debug|Any CPU
		{F3A205A2-F9AB-4459-9D7F-9B2BEE717AE1}.Release|Any CPU.ActiveCfg = Release|Any CPU
		{F3A205A2-F9AB-4459-9D7F-9B2BEE717AE1}.Release|Any CPU.Build.0 = Release|Any CPU
	EndGlobalSection
EndGlobal
